
Microsoft Visual Studio Solution File, Format Version 12.00
# Visual Studio Version 17
VisualStudioVersion = 17.9.34616.47
MinimumVisualStudioVersion = 10.0.40219.1
Project("{FAE04EC0-301F-11D3-BF4B-00C04F79EFBC}") = "FlaskeAutomaten", "FlaskeAutomaten\FlaskeAutomaten.csproj", "{650A1790-EF48-4F4D-842E-271BC812649F}"
EndProject
Global
	GlobalSection(SolutionConfigurationPlatforms) = preSolution
		Debug|Any CPU = Debug|Any CPU
		Release|Any CPU = Release|Any CPU
	EndGlobalSection
	GlobalSection(ProjectConfigurationPlatforms) = postSolution
		{650A1790-EF48-4F4D-842E-271BC812649F}.Debug|Any CPU.ActiveCfg = Debug|Any CPU
		{650A1790-EF48-4F4D-842E-271BC812649F}.Debug|Any CPU.Build.0 = Debug|Any CPU
		{650A1790-EF48-4F4D-842E-271BC812649F}.Release|Any CPU.ActiveCfg = Release|Any CPU
		{650A1790-EF48-4F4D-842E-271BC812649F}.Release|Any CPU.Build.0 = Release|Any CPU
	EndGlobalSection
	GlobalSection(SolutionProperties) = preSolution
		HideSolutionNode = FALSE
	EndGlobalSection
	GlobalSection(ExtensibilityGlobals) = postSolution
		SolutionGuid = {BF96499A-C1EB-4AF0-9995-998D49D98BA7}
	EndGlobalSection
EndGlobal
